
Microsoft Visual Studio Solution File, Format Version 12.00
# Visual Studio Version 17
VisualStudioVersion = 17.4.33403.182
MinimumVisualStudioVersion = 10.0.40219.1
Project("{FAE04EC0-301F-11D3-BF4B-00C04F79EFBC}") = "Pousada do Sossego", "Pousada do Sossego\Pousada do Sossego.csproj", "{43D01D3F-C3D1-4F42-9E7F-2A6AE46D4DE5}"
EndProject
Global
	GlobalSection(SolutionConfigurationPlatforms) = preSolution
		Debug|Any CPU = Debug|Any CPU
		Release|Any CPU = Release|Any CPU
	EndGlobalSection
	GlobalSection(ProjectConfigurationPlatforms) = postSolution
		{43D01D3F-C3D1-4F42-9E7F-2A6AE46D4DE5}.Debug|Any CPU.ActiveCfg = Debug|Any CPU
		{43D01D3F-C3D1-4F42-9E7F-2A6AE46D4DE5}.Debug|Any CPU.Build.0 = Debug|Any CPU
		{43D01D3F-C3D1-4F42-9E7F-2A6AE46D4DE5}.Release|Any CPU.ActiveCfg = Release|Any CPU
		{43D01D3F-C3D1-4F42-9E7F-2A6AE46D4DE5}.Release|Any CPU.Build.0 = Release|Any CPU
	EndGlobalSection
	GlobalSection(SolutionProperties) = preSolution
		HideSolutionNode = FALSE
	EndGlobalSection
	GlobalSection(ExtensibilityGlobals) = postSolution
		SolutionGuid = {8E9CA509-3A56-42BB-A11F-946F9FEC73DD}
	EndGlobalSection
EndGlobal
